
Microsoft Visual Studio Solution File, Format Version 12.00
# Visual Studio Version 16
VisualStudioVersion = 16.0.30517.126
MinimumVisualStudioVersion = 10.0.40219.1
Project("{FAE04EC0-301F-11D3-BF4B-00C04F79EFBC}") = "ADETQ2_PANCAKE", "ADETQ2_PANCAKE.csproj", "{3D7E97B2-00C0-4253-AE0D-83DC21B044B2}"
EndProject
Global
	GlobalSection(SolutionConfigurationPlatforms) = preSolution
		Debug|Any CPU = Debug|Any CPU
		Release|Any CPU = Release|Any CPU
	EndGlobalSection
	GlobalSection(ProjectConfigurationPlatforms) = postSolution
		{3D7E97B2-00C0-4253-AE0D-83DC21B044B2}.Debug|Any CPU.ActiveCfg = Debug|Any CPU
		{3D7E97B2-00C0-4253-AE0D-83DC21B044B2}.Debug|Any CPU.Build.0 = Debug|Any CPU
		{3D7E97B2-00C0-4253-AE0D-83DC21B044B2}.Release|Any CPU.ActiveCfg = Release|Any CPU
		{3D7E97B2-00C0-4253-AE0D-83DC21B044B2}.Release|Any CPU.Build.0 = Release|Any CPU
	EndGlobalSection
	GlobalSection(SolutionProperties) = preSolution
		HideSolutionNode = FALSE
	EndGlobalSection
	GlobalSection(ExtensibilityGlobals) = postSolution
		SolutionGuid = {86033E55-CC19-4C49-AE4E-E049A6DD9900}
	EndGlobalSection
EndGlobal
